
Microsoft Visual Studio Solution File, Format Version 12.00
# Visual Studio Version 17
VisualStudioVersion = 17.0.31912.275
MinimumVisualStudioVersion = 10.0.40219.1
Project("{FAE04EC0-301F-11D3-BF4B-00C04F79EFBC}") = "Compressions", "Compressions\Compressions.csproj", "{E068367C-E18C-4603-979A-324B648F9786}"
EndProject
Global
	GlobalSection(SolutionConfigurationPlatforms) = preSolution
		Debug|Any CPU = Debug|Any CPU
		Release|Any CPU = Release|Any CPU
	EndGlobalSection
	GlobalSection(ProjectConfigurationPlatforms) = postSolution
		{E068367C-E18C-4603-979A-324B648F9786}.Debug|Any CPU.ActiveCfg = Debug|Any CPU
		{E068367C-E18C-4603-979A-324B648F9786}.Debug|Any CPU.Build.0 = Debug|Any CPU
		{E068367C-E18C-4603-979A-324B648F9786}.Release|Any CPU.ActiveCfg = Release|Any CPU
		{E068367C-E18C-4603-979A-324B648F9786}.Release|Any CPU.Build.0 = Release|Any CPU
	EndGlobalSection
	GlobalSection(SolutionProperties) = preSolution
		HideSolutionNode = FALSE
	EndGlobalSection
	GlobalSection(ExtensibilityGlobals) = postSolution
		SolutionGuid = {583CAC77-69C6-47B6-86DF-23F6F4340B26}
	EndGlobalSection
EndGlobal
